# THIS IS AN AUTOGENERATED FILE. DO NOT EDIT THIS FILE DIRECTLY.
# yarn lockfile v1


"@emotion/is-prop-valid@^0.8.2":
  version "0.8.8"
  resolved "https://registry.npmjs.org/@emotion/is-prop-valid/-/is-prop-valid-0.8.8.tgz"
  dependencies:
    "@emotion/memoize" "0.7.4"

"@emotion/memoize@0.7.4":
  version "0.7.4"
  resolved "https://registry.npmjs.org/@emotion/memoize/-/memoize-0.7.4.tgz"

"@motionone/animation@^10.13.1":
  version "10.14.0"
  resolved "https://registry.npmjs.org/@motionone/animation/-/animation-10.14.0.tgz"
  dependencies:
    "@motionone/easing" "^10.14.0"
    "@motionone/types" "^10.14.0"
    "@motionone/utils" "^10.14.0"
    tslib "^2.3.1"

"@motionone/dom@10.13.1":
  version "10.13.1"
  resolved "https://registry.npmjs.org/@motionone/dom/-/dom-10.13.1.tgz"
  dependencies:
    "@motionone/animation" "^10.13.1"
    "@motionone/generators" "^10.13.1"
    "@motionone/types" "^10.13.0"
    "@motionone/utils" "^10.13.1"
    hey-listen "^1.0.8"
    tslib "^2.3.1"

"@motionone/easing@^10.14.0":
  version "10.14.0"
  resolved "https://registry.npmjs.org/@motionone/easing/-/easing-10.14.0.tgz"
  dependencies:
    "@motionone/utils" "^10.14.0"
    tslib "^2.3.1"

"@motionone/generators@^10.13.1":
  version "10.14.0"
  resolved "https://registry.npmjs.org/@motionone/generators/-/generators-10.14.0.tgz"
  dependencies:
    "@motionone/types" "^10.14.0"
    "@motionone/utils" "^10.14.0"
    tslib "^2.3.1"

"@motionone/types@^10.13.0", "@motionone/types@^10.14.0":
  version "10.14.0"
  resolved "https://registry.npmjs.org/@motionone/types/-/types-10.14.0.tgz"

"@motionone/utils@^10.13.1", "@motionone/utils@^10.14.0":
  version "10.14.0"
  resolved "https://registry.npmjs.org/@motionone/utils/-/utils-10.14.0.tgz"
  dependencies:
    "@motionone/types" "^10.14.0"
    hey-listen "^1.0.8"
    tslib "^2.3.1"

"@next/env@12.3.1":
  version "12.3.1"
  resolved "https://registry.npmjs.org/@next/env/-/env-12.3.1.tgz"

"@next/swc-android-arm-eabi@12.3.1":
  version "12.3.1"
  resolved "https://registry.yarnpkg.com/@next/swc-android-arm-eabi/-/swc-android-arm-eabi-12.3.1.tgz#b15ce8ad376102a3b8c0f3c017dde050a22bb1a3"

"@next/swc-android-arm64@12.3.1":
  version "12.3.1"
  resolved "https://registry.yarnpkg.com/@next/swc-android-arm64/-/swc-android-arm64-12.3.1.tgz#85d205f568a790a137cb3c3f720d961a2436ac9c"

"@next/swc-darwin-arm64@12.3.1":
  version "12.3.1"
  resolved "https://registry.yarnpkg.com/@next/swc-darwin-arm64/-/swc-darwin-arm64-12.3.1.tgz#b105457d6760a7916b27e46c97cb1a40547114ae"

"@next/swc-darwin-x64@12.3.1":
  version "12.3.1"
  resolved "https://registry.yarnpkg.com/@next/swc-darwin-x64/-/swc-darwin-x64-12.3.1.tgz#6947b39082271378896b095b6696a7791c6e32b1"

"@next/swc-freebsd-x64@12.3.1":
  version "12.3.1"
  resolved "https://registry.yarnpkg.com/@next/swc-freebsd-x64/-/swc-freebsd-x64-12.3.1.tgz#2b6c36a4d84aae8b0ea0e0da9bafc696ae27085a"

"@next/swc-linux-arm-gnueabihf@12.3.1":
  version "12.3.1"
  resolved "https://registry.yarnpkg.com/@next/swc-linux-arm-gnueabihf/-/swc-linux-arm-gnueabihf-12.3.1.tgz#6e421c44285cfedac1f4631d5de330dd60b86298"

"@next/swc-linux-arm64-gnu@12.3.1":
  version "12.3.1"
  resolved "https://registry.yarnpkg.com/@next/swc-linux-arm64-gnu/-/swc-linux-arm64-gnu-12.3.1.tgz#8863f08a81f422f910af126159d2cbb9552ef717"

"@next/swc-linux-arm64-musl@12.3.1":
  version "12.3.1"
  resolved "https://registry.yarnpkg.com/@next/swc-linux-arm64-musl/-/swc-linux-arm64-musl-12.3.1.tgz#0038f07cf0b259d70ae0c80890d826dfc775d9f3"

"@next/swc-linux-x64-gnu@12.3.1":
  version "12.3.1"
  resolved "https://registry.yarnpkg.com/@next/swc-linux-x64-gnu/-/swc-linux-x64-gnu-12.3.1.tgz#c66468f5e8181ffb096c537f0dbfb589baa6a9c1"

"@next/swc-linux-x64-musl@12.3.1":
  version "12.3.1"
  resolved "https://registry.yarnpkg.com/@next/swc-linux-x64-musl/-/swc-linux-x64-musl-12.3.1.tgz#c6269f3e96ac0395bc722ad97ce410ea5101d305"

"@next/swc-win32-arm64-msvc@12.3.1":
  version "12.3.1"
  resolved "https://registry.yarnpkg.com/@next/swc-win32-arm64-msvc/-/swc-win32-arm64-msvc-12.3.1.tgz#83c639ee969cee36ce247c3abd1d9df97b5ecade"

"@next/swc-win32-ia32-msvc@12.3.1":
  version "12.3.1"
  resolved "https://registry.yarnpkg.com/@next/swc-win32-ia32-msvc/-/swc-win32-ia32-msvc-12.3.1.tgz#52995748b92aa8ad053440301bc2c0d9fbcf27c2"

"@next/swc-win32-x64-msvc@12.3.1":
  version "12.3.1"
  resolved "https://registry.npmjs.org/@next/swc-win32-x64-msvc/-/swc-win32-x64-msvc-12.3.1.tgz"

"@react-spring/animated@~9.5.5":
  version "9.5.5"
  resolved "https://registry.npmjs.org/@react-spring/animated/-/animated-9.5.5.tgz"
  dependencies:
    "@react-spring/shared" "~9.5.5"
    "@react-spring/types" "~9.5.5"

"@react-spring/core@~9.5.5":
  version "9.5.5"
  resolved "https://registry.npmjs.org/@react-spring/core/-/core-9.5.5.tgz"
  dependencies:
    "@react-spring/animated" "~9.5.5"
    "@react-spring/rafz" "~9.5.5"
    "@react-spring/shared" "~9.5.5"
    "@react-spring/types" "~9.5.5"

"@react-spring/rafz@~9.5.5":
  version "9.5.5"
  resolved "https://registry.npmjs.org/@react-spring/rafz/-/rafz-9.5.5.tgz"

"@react-spring/shared@~9.5.5":
  version "9.5.5"
  resolved "https://registry.npmjs.org/@react-spring/shared/-/shared-9.5.5.tgz"
  dependencies:
    "@react-spring/rafz" "~9.5.5"
    "@react-spring/types" "~9.5.5"

"@react-spring/types@~9.5.5":
  version "9.5.5"
  resolved "https://registry.npmjs.org/@react-spring/types/-/types-9.5.5.tgz"

"@react-spring/web@^9.5.5":
  version "9.5.5"
  resolved "https://registry.npmjs.org/@react-spring/web/-/web-9.5.5.tgz"
  dependencies:
    "@react-spring/animated" "~9.5.5"
    "@react-spring/core" "~9.5.5"
    "@react-spring/shared" "~9.5.5"
    "@react-spring/types" "~9.5.5"

"@styled-jsx/plugin-sass@^3.0.0":
  version "3.0.0"
  resolved "https://registry.npmjs.org/@styled-jsx/plugin-sass/-/plugin-sass-3.0.0.tgz"
  dependencies:
    strip-indent "3.0.0"

"@swc/helpers@0.4.11":
  version "0.4.11"
  resolved "https://registry.npmjs.org/@swc/helpers/-/helpers-0.4.11.tgz"
  dependencies:
    tslib "^2.4.0"

"@types/node@18.11.0":
  version "18.11.0"
  resolved "https://registry.npmjs.org/@types/node/-/node-18.11.0.tgz"

"@types/prop-types@*":
  version "15.7.5"
  resolved "https://registry.npmjs.org/@types/prop-types/-/prop-types-15.7.5.tgz"

"@types/react@18.0.21":
  version "18.0.21"
  resolved "https://registry.npmjs.org/@types/react/-/react-18.0.21.tgz"
  dependencies:
    "@types/prop-types" "*"
    "@types/scheduler" "*"
    csstype "^3.0.2"

"@types/scheduler@*":
  version "0.16.2"
  resolved "https://registry.npmjs.org/@types/scheduler/-/scheduler-0.16.2.tgz"

anymatch@~3.1.2:
  version "3.1.2"
  resolved "https://registry.npmjs.org/anymatch/-/anymatch-3.1.2.tgz"
  dependencies:
    normalize-path "^3.0.0"
    picomatch "^2.0.4"

binary-extensions@^2.0.0:
  version "2.2.0"
  resolved "https://registry.npmjs.org/binary-extensions/-/binary-extensions-2.2.0.tgz"

braces@~3.0.2:
  version "3.0.2"
  resolved "https://registry.npmjs.org/braces/-/braces-3.0.2.tgz"
  dependencies:
    fill-range "^7.0.1"

caniuse-lite@^1.0.30001406:
  version "1.0.30001419"
  resolved "https://registry.npmjs.org/caniuse-lite/-/caniuse-lite-1.0.30001419.tgz"

"chokidar@>=3.0.0 <4.0.0":
  version "3.5.3"
  resolved "https://registry.npmjs.org/chokidar/-/chokidar-3.5.3.tgz"
  dependencies:
    anymatch "~3.1.2"
    braces "~3.0.2"
    glob-parent "~5.1.2"
    is-binary-path "~2.1.0"
    is-glob "~4.0.1"
    normalize-path "~3.0.0"
    readdirp "~3.6.0"
  optionalDependencies:
    fsevents "~2.3.2"

classnames@^2.3.2:
  version "2.3.2"
  resolved "https://registry.npmjs.org/classnames/-/classnames-2.3.2.tgz"

csstype@^3.0.2:
  version "3.1.1"
  resolved "https://registry.npmjs.org/csstype/-/csstype-3.1.1.tgz"

fill-range@^7.0.1:
  version "7.0.1"
  resolved "https://registry.npmjs.org/fill-range/-/fill-range-7.0.1.tgz"
  dependencies:
    to-regex-range "^5.0.1"

framer-motion@7.5.3:
  version "7.5.3"
  resolved "https://registry.npmjs.org/framer-motion/-/framer-motion-7.5.3.tgz"
  dependencies:
    "@motionone/dom" "10.13.1"
    framesync "6.1.2"
    hey-listen "^1.0.8"
    popmotion "11.0.5"
    style-value-types "5.1.2"
    tslib "2.4.0"
  optionalDependencies:
    "@emotion/is-prop-valid" "^0.8.2"

framesync@6.1.2:
  version "6.1.2"
  resolved "https://registry.npmjs.org/framesync/-/framesync-6.1.2.tgz"
  dependencies:
    tslib "2.4.0"

fsevents@~2.3.2:
  version "2.3.2"
  resolved "https://registry.yarnpkg.com/fsevents/-/fsevents-2.3.2.tgz#8a526f78b8fdf4623b709e0b975c52c24c02fd1a"

glob-parent@~5.1.2:
  version "5.1.2"
  resolved "https://registry.npmjs.org/glob-parent/-/glob-parent-5.1.2.tgz"
  dependencies:
    is-glob "^4.0.1"

hey-listen@^1.0.8:
  version "1.0.8"
  resolved "https://registry.npmjs.org/hey-listen/-/hey-listen-1.0.8.tgz"

immutable@^4.0.0:
  version "4.1.0"
  resolved "https://registry.npmjs.org/immutable/-/immutable-4.1.0.tgz"

is-binary-path@~2.1.0:
  version "2.1.0"
  resolved "https://registry.npmjs.org/is-binary-path/-/is-binary-path-2.1.0.tgz"
  dependencies:
    binary-extensions "^2.0.0"

is-extglob@^2.1.1:
  version "2.1.1"
  resolved "https://registry.npmjs.org/is-extglob/-/is-extglob-2.1.1.tgz"

is-glob@^4.0.1, is-glob@~4.0.1:
  version "4.0.3"
  resolved "https://registry.npmjs.org/is-glob/-/is-glob-4.0.3.tgz"
  dependencies:
    is-extglob "^2.1.1"

is-number@^7.0.0:
  version "7.0.0"
  resolved "https://registry.npmjs.org/is-number/-/is-number-7.0.0.tgz"

"js-tokens@^3.0.0 || ^4.0.0":
  version "4.0.0"
  resolved "https://registry.npmjs.org/js-tokens/-/js-tokens-4.0.0.tgz"

loose-envify@^1.1.0:
  version "1.4.0"
  resolved "https://registry.npmjs.org/loose-envify/-/loose-envify-1.4.0.tgz"
  dependencies:
    js-tokens "^3.0.0 || ^4.0.0"

min-indent@^1.0.0:
  version "1.0.1"
  resolved "https://registry.npmjs.org/min-indent/-/min-indent-1.0.1.tgz"

nanoid@^3.3.4:
  version "3.3.4"
  resolved "https://registry.npmjs.org/nanoid/-/nanoid-3.3.4.tgz"

next@latest:
  version "12.3.1"
  resolved "https://registry.npmjs.org/next/-/next-12.3.1.tgz"
  dependencies:
    "@next/env" "12.3.1"
    "@swc/helpers" "0.4.11"
    caniuse-lite "^1.0.30001406"
    postcss "8.4.14"
    styled-jsx "5.0.7"
    use-sync-external-store "1.2.0"
  optionalDependencies:
    "@next/swc-android-arm-eabi" "12.3.1"
    "@next/swc-android-arm64" "12.3.1"
    "@next/swc-darwin-arm64" "12.3.1"
    "@next/swc-darwin-x64" "12.3.1"
    "@next/swc-freebsd-x64" "12.3.1"
    "@next/swc-linux-arm-gnueabihf" "12.3.1"
    "@next/swc-linux-arm64-gnu" "12.3.1"
    "@next/swc-linux-arm64-musl" "12.3.1"
    "@next/swc-linux-x64-gnu" "12.3.1"
    "@next/swc-linux-x64-musl" "12.3.1"
    "@next/swc-win32-arm64-msvc" "12.3.1"
    "@next/swc-win32-ia32-msvc" "12.3.1"
    "@next/swc-win32-x64-msvc" "12.3.1"

normalize-path@^3.0.0, normalize-path@~3.0.0:
  version "3.0.0"
  resolved "https://registry.npmjs.org/normalize-path/-/normalize-path-3.0.0.tgz"

party-js@^2.2.0:
  version "2.2.0"
  resolved "https://registry.npmjs.org/party-js/-/party-js-2.2.0.tgz"

picocolors@^1.0.0:
  version "1.0.0"
  resolved "https://registry.npmjs.org/picocolors/-/picocolors-1.0.0.tgz"

picomatch@^2.0.4, picomatch@^2.2.1:
  version "2.3.1"
  resolved "https://registry.npmjs.org/picomatch/-/picomatch-2.3.1.tgz"

popmotion@11.0.5:
  version "11.0.5"
  resolved "https://registry.npmjs.org/popmotion/-/popmotion-11.0.5.tgz"
  dependencies:
    framesync "6.1.2"
    hey-listen "^1.0.8"
    style-value-types "5.1.2"
    tslib "2.4.0"

postcss@8.4.14:
  version "8.4.14"
  resolved "https://registry.npmjs.org/postcss/-/postcss-8.4.14.tgz"
  dependencies:
    nanoid "^3.3.4"
    picocolors "^1.0.0"
    source-map-js "^1.0.2"

react-dom@^18.0.0:
  version "18.0.0"
  resolved "https://registry.npmjs.org/react-dom/-/react-dom-18.0.0.tgz"
  dependencies:
    loose-envify "^1.1.0"
    scheduler "^0.21.0"

react@^18.0.0:
  version "18.0.0"
  resolved "https://registry.npmjs.org/react/-/react-18.0.0.tgz"
  dependencies:
    loose-envify "^1.1.0"

readdirp@~3.6.0:
  version "3.6.0"
  resolved "https://registry.npmjs.org/readdirp/-/readdirp-3.6.0.tgz"
  dependencies:
    picomatch "^2.2.1"

sass@^1.32.8:
  version "1.55.0"
  resolved "https://registry.npmjs.org/sass/-/sass-1.55.0.tgz"
  dependencies:
    chokidar ">=3.0.0 <4.0.0"
    immutable "^4.0.0"
    source-map-js ">=0.6.2 <2.0.0"

scheduler@^0.21.0:
  version "0.21.0"
  resolved "https://registry.npmjs.org/scheduler/-/scheduler-0.21.0.tgz"
  dependencies:
    loose-envify "^1.1.0"

"source-map-js@>=0.6.2 <2.0.0", source-map-js@^1.0.2:
  version "1.0.2"
  resolved "https://registry.npmjs.org/source-map-js/-/source-map-js-1.0.2.tgz"

strip-indent@3.0.0:
  version "3.0.0"
  resolved "https://registry.npmjs.org/strip-indent/-/strip-indent-3.0.0.tgz"
  dependencies:
    min-indent "^1.0.0"

style-value-types@5.1.2:
  version "5.1.2"
  resolved "https://registry.npmjs.org/style-value-types/-/style-value-types-5.1.2.tgz"
  dependencies:
    hey-listen "^1.0.8"
    tslib "2.4.0"

styled-jsx@5.0.7:
  version "5.0.7"
  resolved "https://registry.npmjs.org/styled-jsx/-/styled-jsx-5.0.7.tgz"

to-regex-range@^5.0.1:
  version "5.0.1"
  resolved "https://registry.npmjs.org/to-regex-range/-/to-regex-range-5.0.1.tgz"
  dependencies:
    is-number "^7.0.0"

tslib@2.4.0, tslib@^2.3.1, tslib@^2.4.0:
  version "2.4.0"
  resolved "https://registry.npmjs.org/tslib/-/tslib-2.4.0.tgz"

typescript@4.8.4:
  version "4.8.4"
  resolved "https://registry.npmjs.org/typescript/-/typescript-4.8.4.tgz"

use-sync-external-store@1.2.0:
  version "1.2.0"
  resolved "https://registry.npmjs.org/use-sync-external-store/-/use-sync-external-store-1.2.0.tgz"

zustand@^4.1.2:
  version "4.1.2"
  resolved "https://registry.npmjs.org/zustand/-/zustand-4.1.2.tgz"
  dependencies:
    use-sync-external-store "1.2.0"
